// !$*UTF8*$!
{
	archiveVersion = 1;
	classes = {
	};
	objectVersion = 50;
	objects = {

/* Begin PBXBuildFile section */
		400697F22270C19400B79110 /* AppDelegate.m in Sources */ = {isa = PBXBuildFile; fileRef = 400697F12270C19400B79110 /* AppDelegate.m */; };
		400697F52270C19400B79110 /* ViewController.m in Sources */ = {isa = PBXBuildFile; fileRef = 400697F42270C19400B79110 /* ViewController.m */; };
		400697F72270C19600B79110 /* Assets.xcassets in Resources */ = {isa = PBXBuildFile; fileRef = 400697F62270C19600B79110 /* Assets.xcassets */; };
		400697FA2270C19600B79110 /* Main.storyboard in Resources */ = {isa = PBXBuildFile; fileRef = 400697F82270C19600B79110 /* Main.storyboard */; };
		400697FD2270C19600B79110 /* main.m in Sources */ = {isa = PBXBuildFile; fileRef = 400697FC2270C19600B79110 /* main.m */; };
		4006992F2270CA5300B79110 /* vulkan.framework in Frameworks */ = {isa = PBXBuildFile; fileRef = 4006992E2270CA5300B79110 /* vulkan.framework */; };
		400699302270CA8000B79110 /* vulkan.framework in CopyFiles */ = {isa = PBXBuildFile; fileRef = 4006992E2270CA5300B79110 /* vulkan.framework */; settings = {ATTRIBUTES = (CodeSignOnCopy, RemoveHeadersOnCopy, ); }; };
		4006997B2270D21A00B79110 /* waifu2xmac.mm in Sources */ = {isa = PBXBuildFile; fileRef = 4006997A2270D21A00B79110 /* waifu2xmac.mm */; };
		402AD32D22711C9800F0A985 /* MoltenVK_icd.json in Resources */ = {isa = PBXBuildFile; fileRef = 402AD32C22711C9700F0A985 /* MoltenVK_icd.json */; };
		408F05EC227113F700189EE2 /* libMoltenVK.dylib in CopyFiles */ = {isa = PBXBuildFile; fileRef = 40F8881D2270D63600261851 /* libMoltenVK.dylib */; settings = {ATTRIBUTES = (CodeSignOnCopy, ); }; };
		40F888262270F66E00261851 /* DragDropImageView.m in Sources */ = {isa = PBXBuildFile; fileRef = 40F888252270F66E00261851 /* DragDropImageView.m */; };
		CCE86B1123FD615300E73B94 /* libncnn.a in Frameworks */ = {isa = PBXBuildFile; fileRef = CCE86B0D23FD615300E73B94 /* libncnn.a */; };
		CCE86B8423FD630600E73B94 /* waifu2x.cpp in Sources */ = {isa = PBXBuildFile; fileRef = CCE86B5223FD630500E73B94 /* waifu2x.cpp */; };
		CCE86B8723FD631D00E73B94 /* models in Resources */ = {isa = PBXBuildFile; fileRef = CCE86B8623FD631D00E73B94 /* models */; };
/* End PBXBuildFile section */

/* Begin PBXCopyFilesBuildPhase section */
		400698062270C22A00B79110 /* CopyFiles */ = {
			isa = PBXCopyFilesBuildPhase;
			buildActionMask = 12;
			dstPath = "";
			dstSubfolderSpec = 10;
			files = (
				408F05EC227113F700189EE2 /* libMoltenVK.dylib in CopyFiles */,
				400699302270CA8000B79110 /* vulkan.framework in CopyFiles */,
			);
			runOnlyForDeploymentPostprocessing = 0;
		};
/* End PBXCopyFilesBuildPhase section */

/* Begin PBXFileReference section */
		400697ED2270C19400B79110 /* waifu2x-gui.app */ = {isa = PBXFileReference; explicitFileType = wrapper.application; includeInIndex = 0; path = "waifu2x-gui.app"; sourceTree = BUILT_PRODUCTS_DIR; };
		400697F02270C19400B79110 /* AppDelegate.h */ = {isa = PBXFileReference; lastKnownFileType = sourcecode.c.h; path = AppDelegate.h; sourceTree = "<group>"; };
		400697F12270C19400B79110 /* AppDelegate.m */ = {isa = PBXFileReference; lastKnownFileType = sourcecode.c.objc; path = AppDelegate.m; sourceTree = "<group>"; };
		400697F32270C19400B79110 /* ViewController.h */ = {isa = PBXFileReference; lastKnownFileType = sourcecode.c.h; path = ViewController.h; sourceTree = "<group>"; };
		400697F42270C19400B79110 /* ViewController.m */ = {isa = PBXFileReference; lastKnownFileType = sourcecode.c.objc; path = ViewController.m; sourceTree = "<group>"; };
		400697F62270C19600B79110 /* Assets.xcassets */ = {isa = PBXFileReference; lastKnownFileType = folder.assetcatalog; path = Assets.xcassets; sourceTree = "<group>"; };
		400697F92270C19600B79110 /* Base */ = {isa = PBXFileReference; lastKnownFileType = file.storyboard; name = Base; path = Base.lproj/Main.storyboard; sourceTree = "<group>"; };
		400697FB2270C19600B79110 /* Info.plist */ = {isa = PBXFileReference; lastKnownFileType = text.plist.xml; path = Info.plist; sourceTree = "<group>"; };
		400697FC2270C19600B79110 /* main.m */ = {isa = PBXFileReference; lastKnownFileType = sourcecode.c.objc; path = main.m; sourceTree = "<group>"; };
		400697FE2270C19600B79110 /* waifu2x.entitlements */ = {isa = PBXFileReference; lastKnownFileType = text.plist.entitlements; path = waifu2x.entitlements; sourceTree = "<group>"; };
		4006992E2270CA5300B79110 /* vulkan.framework */ = {isa = PBXFileReference; lastKnownFileType = wrapper.framework; name = vulkan.framework; path = macOS/Frameworks/vulkan.framework; sourceTree = "<group>"; };
		400699792270D21A00B79110 /* waifu2xmac.h */ = {isa = PBXFileReference; lastKnownFileType = sourcecode.c.h; path = waifu2xmac.h; sourceTree = "<group>"; };
		4006997A2270D21A00B79110 /* waifu2xmac.mm */ = {isa = PBXFileReference; lastKnownFileType = sourcecode.cpp.objcpp; path = waifu2xmac.mm; sourceTree = "<group>"; };
		402AD32C22711C9700F0A985 /* MoltenVK_icd.json */ = {isa = PBXFileReference; fileEncoding = 4; lastKnownFileType = text.json; name = MoltenVK_icd.json; path = waifu2x/MoltenVK_icd.json; sourceTree = SOURCE_ROOT; };
		40F8881D2270D63600261851 /* libMoltenVK.dylib */ = {isa = PBXFileReference; lastKnownFileType = "compiled.mach-o.dylib"; name = libMoltenVK.dylib; path = MoltenVK/macOS/dynamic/libMoltenVK.dylib; sourceTree = "<group>"; };
		40F888242270F66E00261851 /* DragDropImageView.h */ = {isa = PBXFileReference; lastKnownFileType = sourcecode.c.h; path = DragDropImageView.h; sourceTree = "<group>"; };
		40F888252270F66E00261851 /* DragDropImageView.m */ = {isa = PBXFileReference; lastKnownFileType = sourcecode.c.objc; path = DragDropImageView.m; sourceTree = "<group>"; };
		CCE86B0A23FD615300E73B94 /* ncnnConfig.cmake */ = {isa = PBXFileReference; fileEncoding = 4; lastKnownFileType = text; path = ncnnConfig.cmake; sourceTree = "<group>"; };
		CCE86B0B23FD615300E73B94 /* ncnn.cmake */ = {isa = PBXFileReference; fileEncoding = 4; lastKnownFileType = text; path = ncnn.cmake; sourceTree = "<group>"; };
		CCE86B0C23FD615300E73B94 /* ncnn-release.cmake */ = {isa = PBXFileReference; fileEncoding = 4; lastKnownFileType = text; path = "ncnn-release.cmake"; sourceTree = "<group>"; };
		CCE86B0D23FD615300E73B94 /* libncnn.a */ = {isa = PBXFileReference; lastKnownFileType = archive.ar; path = libncnn.a; sourceTree = "<group>"; };
		CCE86B4B23FD630500E73B94 /* stb_image_write.h */ = {isa = PBXFileReference; fileEncoding = 4; lastKnownFileType = sourcecode.c.h; path = stb_image_write.h; sourceTree = "<group>"; };
		CCE86B4C23FD630500E73B94 /* win32dirent.h */ = {isa = PBXFileReference; fileEncoding = 4; lastKnownFileType = sourcecode.c.h; path = win32dirent.h; sourceTree = "<group>"; };
		CCE86B4D23FD630500E73B94 /* stb_image.h */ = {isa = PBXFileReference; fileEncoding = 4; lastKnownFileType = sourcecode.c.h; path = stb_image.h; sourceTree = "<group>"; };
		CCE86B4E23FD630500E73B94 /* wic_image.h */ = {isa = PBXFileReference; fileEncoding = 4; lastKnownFileType = sourcecode.c.h; path = wic_image.h; sourceTree = "<group>"; };
		CCE86B4F23FD630500E73B94 /* filesystem_utils.h */ = {isa = PBXFileReference; fileEncoding = 4; lastKnownFileType = sourcecode.c.h; path = filesystem_utils.h; sourceTree = "<group>"; };
		CCE86B5123FD630500E73B94 /* waifu2x.h */ = {isa = PBXFileReference; fileEncoding = 4; lastKnownFileType = sourcecode.c.h; path = waifu2x.h; sourceTree = "<group>"; };
		CCE86B5223FD630500E73B94 /* waifu2x.cpp */ = {isa = PBXFileReference; fileEncoding = 4; lastKnownFileType = sourcecode.cpp.cpp; path = waifu2x.cpp; sourceTree = "<group>"; };
		CCE86B8623FD631D00E73B94 /* models */ = {isa = PBXFileReference; lastKnownFileType = folder; path = models; sourceTree = "<group>"; };
/* End PBXFileReference section */

/* Begin PBXFrameworksBuildPhase section */
		400697EA2270C19400B79110 /* Frameworks */ = {
			isa = PBXFrameworksBuildPhase;
			buildActionMask = 2147483647;
			files = (
				4006992F2270CA5300B79110 /* vulkan.framework in Frameworks */,
				CCE86B1123FD615300E73B94 /* libncnn.a in Frameworks */,
			);
			runOnlyForDeploymentPostprocessing = 0;
		};
/* End PBXFrameworksBuildPhase section */

/* Begin PBXGroup section */
		400697E42270C19400B79110 = {
			isa = PBXGroup;
			children = (
				400697EF2270C19400B79110 /* waifu2x */,
				400697EE2270C19400B79110 /* Products */,
				40F468A32271EAAA001098D8 /* Frameworks */,
			);
			sourceTree = "<group>";
		};
		400697EE2270C19400B79110 /* Products */ = {
			isa = PBXGroup;
			children = (
				400697ED2270C19400B79110 /* waifu2x-gui.app */,
			);
			name = Products;
			sourceTree = "<group>";
		};
		400697EF2270C19400B79110 /* waifu2x */ = {
			isa = PBXGroup;
			children = (
				400699792270D21A00B79110 /* waifu2xmac.h */,
				4006997A2270D21A00B79110 /* waifu2xmac.mm */,
				40F888242270F66E00261851 /* DragDropImageView.h */,
				40F888252270F66E00261851 /* DragDropImageView.m */,
				400697F02270C19400B79110 /* AppDelegate.h */,
				400697F12270C19400B79110 /* AppDelegate.m */,
				400697F32270C19400B79110 /* ViewController.h */,
				400697F42270C19400B79110 /* ViewController.m */,
				400697F62270C19600B79110 /* Assets.xcassets */,
				400697F82270C19600B79110 /* Main.storyboard */,
				400697FB2270C19600B79110 /* Info.plist */,
				400697FC2270C19600B79110 /* main.m */,
				400697FE2270C19600B79110 /* waifu2x.entitlements */,
				CCE86B1423FD630500E73B94 /* waifu2x-ncnn-vulkan */,
				CCE86B0423FD60C700E73B94 /* ncnn */,
				400698082270C28B00B79110 /* VulkanSDK */,
			);
			path = waifu2x;
			sourceTree = "<group>";
		};
		400698082270C28B00B79110 /* VulkanSDK */ = {
			isa = PBXGroup;
			children = (
				40F8881D2270D63600261851 /* libMoltenVK.dylib */,
				402AD32C22711C9700F0A985 /* MoltenVK_icd.json */,
				4006992E2270CA5300B79110 /* vulkan.framework */,
			);
			path = VulkanSDK;
			sourceTree = "<group>";
		};
		40F468A32271EAAA001098D8 /* Frameworks */ = {
			isa = PBXGroup;
			children = (
			);
			name = Frameworks;
			sourceTree = "<group>";
		};
		CCE86B0423FD60C700E73B94 /* ncnn */ = {
			isa = PBXGroup;
			children = (
				CCE86B1223FD616600E73B94 /* include */,
				CCE86B0723FD615300E73B94 /* lib */,
			);
			path = ncnn;
			sourceTree = "<group>";
		};
		CCE86B0723FD615300E73B94 /* lib */ = {
			isa = PBXGroup;
			children = (
				CCE86B0823FD615300E73B94 /* cmake */,
				CCE86B0D23FD615300E73B94 /* libncnn.a */,
			);
			path = lib;
			sourceTree = "<group>";
		};
		CCE86B0823FD615300E73B94 /* cmake */ = {
			isa = PBXGroup;
			children = (
				CCE86B0923FD615300E73B94 /* ncnn */,
			);
			path = cmake;
			sourceTree = "<group>";
		};
		CCE86B0923FD615300E73B94 /* ncnn */ = {
			isa = PBXGroup;
			children = (
				CCE86B0A23FD615300E73B94 /* ncnnConfig.cmake */,
				CCE86B0B23FD615300E73B94 /* ncnn.cmake */,
				CCE86B0C23FD615300E73B94 /* ncnn-release.cmake */,
			);
			path = ncnn;
			sourceTree = "<group>";
		};
		CCE86B1223FD616600E73B94 /* include */ = {
			isa = PBXGroup;
			children = (
			);
			path = include;
			sourceTree = "<group>";
		};
		CCE86B1423FD630500E73B94 /* waifu2x-ncnn-vulkan */ = {
			isa = PBXGroup;
			children = (
				CCE86B8623FD631D00E73B94 /* models */,
				CCE86B4823FD630500E73B94 /* src */,
			);
			path = "waifu2x-ncnn-vulkan";
			sourceTree = "<group>";
		};
		CCE86B4823FD630500E73B94 /* src */ = {
			isa = PBXGroup;
			children = (
				CCE86B4B23FD630500E73B94 /* stb_image_write.h */,
				CCE86B4C23FD630500E73B94 /* win32dirent.h */,
				CCE86B4D23FD630500E73B94 /* stb_image.h */,
				CCE86B4E23FD630500E73B94 /* wic_image.h */,
				CCE86B4F23FD630500E73B94 /* filesystem_utils.h */,
				CCE86B5123FD630500E73B94 /* waifu2x.h */,
				CCE86B5223FD630500E73B94 /* waifu2x.cpp */,
			);
			path = src;
			sourceTree = "<group>";
		};
/* End PBXGroup section */

/* Begin PBXNativeTarget section */
		400697EC2270C19400B79110 /* waifu2x-gui */ = {
			isa = PBXNativeTarget;
			buildConfigurationList = 400698012270C19600B79110 /* Build configuration list for PBXNativeTarget "waifu2x-gui" */;
			buildPhases = (
				400699322270CC7500B79110 /* ShellScript */,
				400697E92270C19400B79110 /* Sources */,
				400697EA2270C19400B79110 /* Frameworks */,
				400697EB2270C19400B79110 /* Resources */,
				400698062270C22A00B79110 /* CopyFiles */,
			);
			buildRules = (
			);
			dependencies = (
			);
			name = "waifu2x-gui";
			productName = waifu2x;
			productReference = 400697ED2270C19400B79110 /* waifu2x-gui.app */;
			productType = "com.apple.product-type.application";
		};
/* End PBXNativeTarget section */

/* Begin PBXProject section */
		400697E52270C19400B79110 /* Project object */ = {
			isa = PBXProject;
			attributes = {
				LastUpgradeCheck = 1020;
				ORGANIZATIONNAME = "Cocoa Oikawa";
				TargetAttributes = {
					400697EC2270C19400B79110 = {
						CreatedOnToolsVersion = 10.1;
						SystemCapabilities = {
							com.apple.Sandbox = {
								enabled = 0;
							};
						};
					};
				};
			};
			buildConfigurationList = 400697E82270C19400B79110 /* Build configuration list for PBXProject "waifu2x" */;
			compatibilityVersion = "Xcode 9.3";
			developmentRegion = en;
			hasScannedForEncodings = 0;
			knownRegions = (
				en,
				Base,
			);
			mainGroup = 400697E42270C19400B79110;
			productRefGroup = 400697EE2270C19400B79110 /* Products */;
			projectDirPath = "";
			projectRoot = "";
			targets = (
				400697EC2270C19400B79110 /* waifu2x-gui */,
			);
		};
/* End PBXProject section */

/* Begin PBXResourcesBuildPhase section */
		400697EB2270C19400B79110 /* Resources */ = {
			isa = PBXResourcesBuildPhase;
			buildActionMask = 2147483647;
			files = (
				CCE86B8723FD631D00E73B94 /* models in Resources */,
				402AD32D22711C9800F0A985 /* MoltenVK_icd.json in Resources */,
				400697F72270C19600B79110 /* Assets.xcassets in Resources */,
				400697FA2270C19600B79110 /* Main.storyboard in Resources */,
			);
			runOnlyForDeploymentPostprocessing = 0;
		};
/* End PBXResourcesBuildPhase section */

/* Begin PBXShellScriptBuildPhase section */
		400699322270CC7500B79110 /* ShellScript */ = {
			isa = PBXShellScriptBuildPhase;
			buildActionMask = 2147483647;
			files = (
			);
			inputFileListPaths = (
			);
			inputPaths = (
			);
			outputFileListPaths = (
			);
			outputPaths = (
			);
			runOnlyForDeploymentPostprocessing = 0;
			shellPath = /bin/sh;
			shellScript = "REGENERATE_SHADER=true\nif (${REGENERATE_SHADER}); then\n  export VULKAN_SDK=\"${SRCROOT}/waifu2x/VulkanSDK/macOS\"\n  export PATH=\"/Applications/CMake.app/Contents/bin:${PATH}\"\n  cp -f \"${SRCROOT}/waifu2x/CMakeLists-waifu2x-ncnn-vulkan.txt\" \"${SRCROOT}/waifu2x/waifu2x-ncnn-vulkan/src/CMakeLists.txt\"\n  cd ${SRCROOT}/waifu2x/waifu2x-ncnn-vulkan/src\n  rm -rf build && mkdir -p build && cd build\n  cmake ..\n  make -j`sysctl -n hw.ncpu`\n  cp -f *.h \"${SRCROOT}/waifu2x/waifu2x-ncnn-vulkan/src\"\nfi\n";
		};
/* End PBXShellScriptBuildPhase section */

/* Begin PBXSourcesBuildPhase section */
		400697E92270C19400B79110 /* Sources */ = {
			isa = PBXSourcesBuildPhase;
			buildActionMask = 2147483647;
			files = (
				400697F52270C19400B79110 /* ViewController.m in Sources */,
				4006997B2270D21A00B79110 /* waifu2xmac.mm in Sources */,
				400697FD2270C19600B79110 /* main.m in Sources */,
				400697F22270C19400B79110 /* AppDelegate.m in Sources */,
				CCE86B8423FD630600E73B94 /* waifu2x.cpp in Sources */,
				40F888262270F66E00261851 /* DragDropImageView.m in Sources */,
			);
			runOnlyForDeploymentPostprocessing = 0;
		};
/* End PBXSourcesBuildPhase section */

/* Begin PBXVariantGroup section */
		400697F82270C19600B79110 /* Main.storyboard */ = {
			isa = PBXVariantGroup;
			children = (
				400697F92270C19600B79110 /* Base */,
			);
			name = Main.storyboard;
			sourceTree = "<group>";
		};
/* End PBXVariantGroup section */

/* Begin XCBuildConfiguration section */
		400697FF2270C19600B79110 /* Debug */ = {
			isa = XCBuildConfiguration;
			buildSettings = {
				ALWAYS_SEARCH_USER_PATHS = NO;
				CLANG_ANALYZER_NONNULL = YES;
				CLANG_ANALYZER_NUMBER_OBJECT_CONVERSION = YES_AGGRESSIVE;
				CLANG_CXX_LANGUAGE_STANDARD = "gnu++14";
				CLANG_CXX_LIBRARY = "libc++";
				CLANG_ENABLE_MODULES = YES;
				CLANG_ENABLE_OBJC_ARC = YES;
				CLANG_ENABLE_OBJC_WEAK = YES;
				CLANG_WARN_BLOCK_CAPTURE_AUTORELEASING = YES;
				CLANG_WARN_BOOL_CONVERSION = YES;
				CLANG_WARN_COMMA = YES;
				CLANG_WARN_CONSTANT_CONVERSION = YES;
				CLANG_WARN_DEPRECATED_OBJC_IMPLEMENTATIONS = YES;
				CLANG_WARN_DIRECT_OBJC_ISA_USAGE = YES_ERROR;
				CLANG_WARN_DOCUMENTATION_COMMENTS = YES;
				CLANG_WARN_EMPTY_BODY = YES;
				CLANG_WARN_ENUM_CONVERSION = YES;
				CLANG_WARN_INFINITE_RECURSION = YES;
				CLANG_WARN_INT_CONVERSION = YES;
				CLANG_WARN_NON_LITERAL_NULL_CONVERSION = YES;
				CLANG_WARN_OBJC_IMPLICIT_RETAIN_SELF = YES;
				CLANG_WARN_OBJC_LITERAL_CONVERSION = YES;
				CLANG_WARN_OBJC_ROOT_CLASS = YES_ERROR;
				CLANG_WARN_RANGE_LOOP_ANALYSIS = YES;
				CLANG_WARN_STRICT_PROTOTYPES = YES;
				CLANG_WARN_SUSPICIOUS_MOVE = YES;
				CLANG_WARN_UNGUARDED_AVAILABILITY = YES_AGGRESSIVE;
				CLANG_WARN_UNREACHABLE_CODE = YES;
				CLANG_WARN__DUPLICATE_METHOD_MATCH = YES;
				CODE_SIGN_IDENTITY = "Mac Developer";
				COPY_PHASE_STRIP = NO;
				DEBUG_INFORMATION_FORMAT = dwarf;
				ENABLE_STRICT_OBJC_MSGSEND = YES;
				ENABLE_TESTABILITY = YES;
				GCC_C_LANGUAGE_STANDARD = gnu11;
				GCC_DYNAMIC_NO_PIC = NO;
				GCC_NO_COMMON_BLOCKS = YES;
				GCC_OPTIMIZATION_LEVEL = 0;
				GCC_PREPROCESSOR_DEFINITIONS = (
					"DEBUG=1",
					"$(inherited)",
				);
				GCC_WARN_64_TO_32_BIT_CONVERSION = YES;
				GCC_WARN_ABOUT_RETURN_TYPE = YES_ERROR;
				GCC_WARN_UNDECLARED_SELECTOR = YES;
				GCC_WARN_UNINITIALIZED_AUTOS = YES_AGGRESSIVE;
				GCC_WARN_UNUSED_FUNCTION = YES;
				GCC_WARN_UNUSED_VARIABLE = YES;
				MACOSX_DEPLOYMENT_TARGET = 10.14;
				MTL_ENABLE_DEBUG_INFO = INCLUDE_SOURCE;
				MTL_FAST_MATH = YES;
				ONLY_ACTIVE_ARCH = YES;
				SDKROOT = macosx;
			};
			name = Debug;
		};
		400698002270C19600B79110 /* Release */ = {
			isa = XCBuildConfiguration;
			buildSettings = {
				ALWAYS_SEARCH_USER_PATHS = NO;
				CLANG_ANALYZER_NONNULL = YES;
				CLANG_ANALYZER_NUMBER_OBJECT_CONVERSION = YES_AGGRESSIVE;
				CLANG_CXX_LANGUAGE_STANDARD = "gnu++14";
				CLANG_CXX_LIBRARY = "libc++";
				CLANG_ENABLE_MODULES = YES;
				CLANG_ENABLE_OBJC_ARC = YES;
				CLANG_ENABLE_OBJC_WEAK = YES;
				CLANG_WARN_BLOCK_CAPTURE_AUTORELEASING = YES;
				CLANG_WARN_BOOL_CONVERSION = YES;
				CLANG_WARN_COMMA = YES;
				CLANG_WARN_CONSTANT_CONVERSION = YES;
				CLANG_WARN_DEPRECATED_OBJC_IMPLEMENTATIONS = YES;
				CLANG_WARN_DIRECT_OBJC_ISA_USAGE = YES_ERROR;
				CLANG_WARN_DOCUMENTATION_COMMENTS = YES;
				CLANG_WARN_EMPTY_BODY = YES;
				CLANG_WARN_ENUM_CONVERSION = YES;
				CLANG_WARN_INFINITE_RECURSION = YES;
				CLANG_WARN_INT_CONVERSION = YES;
				CLANG_WARN_NON_LITERAL_NULL_CONVERSION = YES;
				CLANG_WARN_OBJC_IMPLICIT_RETAIN_SELF = YES;
				CLANG_WARN_OBJC_LITERAL_CONVERSION = YES;
				CLANG_WARN_OBJC_ROOT_CLASS = YES_ERROR;
				CLANG_WARN_RANGE_LOOP_ANALYSIS = YES;
				CLANG_WARN_STRICT_PROTOTYPES = YES;
				CLANG_WARN_SUSPICIOUS_MOVE = YES;
				CLANG_WARN_UNGUARDED_AVAILABILITY = YES_AGGRESSIVE;
				CLANG_WARN_UNREACHABLE_CODE = YES;
				CLANG_WARN__DUPLICATE_METHOD_MATCH = YES;
				CODE_SIGN_IDENTITY = "Mac Developer";
				COPY_PHASE_STRIP = NO;
				DEBUG_INFORMATION_FORMAT = "dwarf-with-dsym";
				ENABLE_NS_ASSERTIONS = NO;
				ENABLE_STRICT_OBJC_MSGSEND = YES;
				GCC_C_LANGUAGE_STANDARD = gnu11;
				GCC_NO_COMMON_BLOCKS = YES;
				GCC_WARN_64_TO_32_BIT_CONVERSION = YES;
				GCC_WARN_ABOUT_RETURN_TYPE = YES_ERROR;
				GCC_WARN_UNDECLARED_SELECTOR = YES;
				GCC_WARN_UNINITIALIZED_AUTOS = YES_AGGRESSIVE;
				GCC_WARN_UNUSED_FUNCTION = YES;
				GCC_WARN_UNUSED_VARIABLE = YES;
				MACOSX_DEPLOYMENT_TARGET = 10.14;
				MTL_ENABLE_DEBUG_INFO = NO;
				MTL_FAST_MATH = YES;
				SDKROOT = macosx;
			};
			name = Release;
		};
		400698022270C19600B79110 /* Debug */ = {
			isa = XCBuildConfiguration;
			buildSettings = {
				ASSETCATALOG_COMPILER_APPICON_NAME = AppIcon;
				CODE_SIGN_STYLE = Automatic;
				COMBINE_HIDPI_IMAGES = YES;
				DEVELOPMENT_TEAM = FT787279D2;
				FRAMEWORK_SEARCH_PATHS = (
					"$(inherited)",
					"$(PROJECT_DIR)/waifu2x",
					"$(PROJECT_DIR)/waifu2x/VulkanSDK/macOS/Frameworks",
					"$(PROJECT_DIR)/waifu2x/VulkanSDK/MoltenVK/macOS/framework",
				);
				GCC_VERSION = "";
				HEADER_SEARCH_PATHS = (
					/usr/local/Cellar/libomp/9.0.0/include,
					"$(SRCROOT)/waifu2x/VulkanSDK/macOS/include",
					"$(SRCROOT)/waifu2x/ncnn/include/ncnn",
				);
				INFOPLIST_FILE = waifu2x/Info.plist;
				LD_RUNPATH_SEARCH_PATHS = (
					"$(inherited)",
					"@executable_path/../Frameworks",
				);
				LIBRARY_SEARCH_PATHS = (
					/usr/local/Cellar/libomp/9.0.0/lib,
					"$(SRCROOT)/waifu2x/VulkanSDK/macOS/lib",
					"$(PROJECT_DIR)/waifu2x/VulkanSDK/MoltenVK/macOS/dynamic",
					"$(PROJECT_DIR)/waifu2x/ncnn/lib",
				);
				MACOSX_DEPLOYMENT_TARGET = 10.10;
				MARKETING_VERSION = 1.2;
				PRODUCT_BUNDLE_IDENTIFIER = "moe.cocoaneko.waifu2x-gui";
				PRODUCT_NAME = "$(TARGET_NAME)";
				STRINGS_FILE_OUTPUT_ENCODING = "UTF-8";
			};
			name = Debug;
		};
		400698032270C19600B79110 /* Release */ = {
			isa = XCBuildConfiguration;
			buildSettings = {
				ASSETCATALOG_COMPILER_APPICON_NAME = AppIcon;
				CODE_SIGN_STYLE = Automatic;
				COMBINE_HIDPI_IMAGES = YES;
				DEVELOPMENT_TEAM = FT787279D2;
				FRAMEWORK_SEARCH_PATHS = (
					"$(inherited)",
					"$(PROJECT_DIR)/waifu2x",
					"$(PROJECT_DIR)/waifu2x/VulkanSDK/macOS/Frameworks",
					"$(PROJECT_DIR)/waifu2x/VulkanSDK/MoltenVK/macOS/framework",
				);
				GCC_VERSION = "";
				HEADER_SEARCH_PATHS = (
					/usr/local/Cellar/libomp/9.0.0/include,
					"$(SRCROOT)/waifu2x/VulkanSDK/macOS/include",
					"$(SRCROOT)/waifu2x/ncnn/include/ncnn",
				);
				INFOPLIST_FILE = waifu2x/Info.plist;
				LD_RUNPATH_SEARCH_PATHS = (
					"$(inherited)",
					"@executable_path/../Frameworks",
				);
				LIBRARY_SEARCH_PATHS = (
					/usr/local/Cellar/libomp/9.0.0/lib,
					"$(SRCROOT)/waifu2x/VulkanSDK/macOS/lib",
					"$(PROJECT_DIR)/waifu2x/VulkanSDK/MoltenVK/macOS/dynamic",
					"$(PROJECT_DIR)/waifu2x/ncnn/lib",
				);
				MACOSX_DEPLOYMENT_TARGET = 10.10;
				MARKETING_VERSION = 1.2;
				PRODUCT_BUNDLE_IDENTIFIER = "moe.cocoaneko.waifu2x-gui";
				PRODUCT_NAME = "$(TARGET_NAME)";
				STRINGS_FILE_OUTPUT_ENCODING = "UTF-8";
			};
			name = Release;
		};
/* End XCBuildConfiguration section */

/* Begin XCConfigurationList section */
		400697E82270C19400B79110 /* Build configuration list for PBXProject "waifu2x" */ = {
			isa = XCConfigurationList;
			buildConfigurations = (
				400697FF2270C19600B79110 /* Debug */,
				400698002270C19600B79110 /* Release */,
			);
			defaultConfigurationIsVisible = 0;
			defaultConfigurationName = Release;
		};
		400698012270C19600B79110 /* Build configuration list for PBXNativeTarget "waifu2x-gui" */ = {
			isa = XCConfigurationList;
			buildConfigurations = (
				400698022270C19600B79110 /* Debug */,
				400698032270C19600B79110 /* Release */,
			);
			defaultConfigurationIsVisible = 0;
			defaultConfigurationName = Release;
		};
/* End XCConfigurationList section */
	};
	rootObject = 400697E52270C19400B79110 /* Project object */;
}
