// !$*UTF8*$!
{
	archiveVersion = 1;
	classes = {
	};
	objectVersion = 50;
	objects = {

/* Begin PBXBuildFile section */
		400697F22270C19400B79110 /* AppDelegate.m in Sources */ = {isa = PBXBuildFile; fileRef = 400697F12270C19400B79110 /* AppDelegate.m */; };
		400697F52270C19400B79110 /* ViewController.m in Sources */ = {isa = PBXBuildFile; fileRef = 400697F42270C19400B79110 /* ViewController.m */; };
		400697F72270C19600B79110 /* Assets.xcassets in Resources */ = {isa = PBXBuildFile; fileRef = 400697F62270C19600B79110 /* Assets.xcassets */; };
		400697FA2270C19600B79110 /* Main.storyboard in Resources */ = {isa = PBXBuildFile; fileRef = 400697F82270C19600B79110 /* Main.storyboard */; };
		400697FD2270C19600B79110 /* main.m in Sources */ = {isa = PBXBuildFile; fileRef = 400697FC2270C19600B79110 /* main.m */; };
		4006992F2270CA5300B79110 /* vulkan.framework in Frameworks */ = {isa = PBXBuildFile; fileRef = 4006992E2270CA5300B79110 /* vulkan.framework */; };
		400699302270CA8000B79110 /* vulkan.framework in CopyFiles */ = {isa = PBXBuildFile; fileRef = 4006992E2270CA5300B79110 /* vulkan.framework */; settings = {ATTRIBUTES = (CodeSignOnCopy, RemoveHeadersOnCopy, ); }; };
		4006997B2270D21A00B79110 /* waifu2xmac.mm in Sources */ = {isa = PBXBuildFile; fileRef = 4006997A2270D21A00B79110 /* waifu2xmac.mm */; };
		402AD32D22711C9800F0A985 /* MoltenVK_icd.json in Resources */ = {isa = PBXBuildFile; fileRef = 402AD32C22711C9700F0A985 /* MoltenVK_icd.json */; };
		408F05EC227113F700189EE2 /* libMoltenVK.dylib in CopyFiles */ = {isa = PBXBuildFile; fileRef = 40F8881D2270D63600261851 /* libMoltenVK.dylib */; settings = {ATTRIBUTES = (CodeSignOnCopy, ); }; };
		40F888262270F66E00261851 /* DragDropImageView.m in Sources */ = {isa = PBXBuildFile; fileRef = 40F888252270F66E00261851 /* DragDropImageView.m */; };
		CC17EF8523FD241E007ED72F /* ncnn-release.cmake in Resources */ = {isa = PBXBuildFile; fileRef = CC17EF8123FD241E007ED72F /* ncnn-release.cmake */; };
		CC17EF8623FD241E007ED72F /* libncnn.a in Frameworks */ = {isa = PBXBuildFile; fileRef = CC17EF8223FD241E007ED72F /* libncnn.a */; };
		CC51044523FC427600AE802F /* waifu2x.cpp in Sources */ = {isa = PBXBuildFile; fileRef = CC51044023FC427600AE802F /* waifu2x.cpp */; };
		CC51049A23FC439C00AE802F /* models in Resources */ = {isa = PBXBuildFile; fileRef = CC51049923FC439C00AE802F /* models */; };
		CCA6DCA723FD0B4D0097C7B1 /* libomp.a in Frameworks */ = {isa = PBXBuildFile; fileRef = CCA6DCA623FD0B4D0097C7B1 /* libomp.a */; };
/* End PBXBuildFile section */

/* Begin PBXCopyFilesBuildPhase section */
		400698062270C22A00B79110 /* CopyFiles */ = {
			isa = PBXCopyFilesBuildPhase;
			buildActionMask = 12;
			dstPath = "";
			dstSubfolderSpec = 10;
			files = (
				408F05EC227113F700189EE2 /* libMoltenVK.dylib in CopyFiles */,
				400699302270CA8000B79110 /* vulkan.framework in CopyFiles */,
			);
			runOnlyForDeploymentPostprocessing = 0;
		};
/* End PBXCopyFilesBuildPhase section */

/* Begin PBXFileReference section */
		400697ED2270C19400B79110 /* waifu2x-gui.app */ = {isa = PBXFileReference; explicitFileType = wrapper.application; includeInIndex = 0; path = "waifu2x-gui.app"; sourceTree = BUILT_PRODUCTS_DIR; };
		400697F02270C19400B79110 /* AppDelegate.h */ = {isa = PBXFileReference; lastKnownFileType = sourcecode.c.h; path = AppDelegate.h; sourceTree = "<group>"; };
		400697F12270C19400B79110 /* AppDelegate.m */ = {isa = PBXFileReference; lastKnownFileType = sourcecode.c.objc; path = AppDelegate.m; sourceTree = "<group>"; };
		400697F32270C19400B79110 /* ViewController.h */ = {isa = PBXFileReference; lastKnownFileType = sourcecode.c.h; path = ViewController.h; sourceTree = "<group>"; };
		400697F42270C19400B79110 /* ViewController.m */ = {isa = PBXFileReference; lastKnownFileType = sourcecode.c.objc; path = ViewController.m; sourceTree = "<group>"; };
		400697F62270C19600B79110 /* Assets.xcassets */ = {isa = PBXFileReference; lastKnownFileType = folder.assetcatalog; path = Assets.xcassets; sourceTree = "<group>"; };
		400697F92270C19600B79110 /* Base */ = {isa = PBXFileReference; lastKnownFileType = file.storyboard; name = Base; path = Base.lproj/Main.storyboard; sourceTree = "<group>"; };
		400697FB2270C19600B79110 /* Info.plist */ = {isa = PBXFileReference; lastKnownFileType = text.plist.xml; path = Info.plist; sourceTree = "<group>"; };
		400697FC2270C19600B79110 /* main.m */ = {isa = PBXFileReference; lastKnownFileType = sourcecode.c.objc; path = main.m; sourceTree = "<group>"; };
		400697FE2270C19600B79110 /* waifu2x.entitlements */ = {isa = PBXFileReference; lastKnownFileType = text.plist.entitlements; path = waifu2x.entitlements; sourceTree = "<group>"; };
		4006992E2270CA5300B79110 /* vulkan.framework */ = {isa = PBXFileReference; lastKnownFileType = wrapper.framework; name = vulkan.framework; path = macOS/Frameworks/vulkan.framework; sourceTree = "<group>"; };
		400699792270D21A00B79110 /* waifu2xmac.h */ = {isa = PBXFileReference; lastKnownFileType = sourcecode.c.h; path = waifu2xmac.h; sourceTree = "<group>"; };
		4006997A2270D21A00B79110 /* waifu2xmac.mm */ = {isa = PBXFileReference; lastKnownFileType = sourcecode.cpp.objcpp; path = waifu2xmac.mm; sourceTree = "<group>"; };
		402AD32C22711C9700F0A985 /* MoltenVK_icd.json */ = {isa = PBXFileReference; fileEncoding = 4; lastKnownFileType = text.json; name = MoltenVK_icd.json; path = waifu2x/MoltenVK_icd.json; sourceTree = SOURCE_ROOT; };
		40F8881D2270D63600261851 /* libMoltenVK.dylib */ = {isa = PBXFileReference; lastKnownFileType = "compiled.mach-o.dylib"; name = libMoltenVK.dylib; path = MoltenVK/macOS/dynamic/libMoltenVK.dylib; sourceTree = "<group>"; };
		40F888242270F66E00261851 /* DragDropImageView.h */ = {isa = PBXFileReference; lastKnownFileType = sourcecode.c.h; path = DragDropImageView.h; sourceTree = "<group>"; };
		40F888252270F66E00261851 /* DragDropImageView.m */ = {isa = PBXFileReference; lastKnownFileType = sourcecode.c.objc; path = DragDropImageView.m; sourceTree = "<group>"; };
		CC17EF6A23FD2416007ED72F /* modelbin.h */ = {isa = PBXFileReference; fileEncoding = 4; lastKnownFileType = sourcecode.c.h; path = modelbin.h; sourceTree = "<group>"; };
		CC17EF6B23FD2416007ED72F /* net.h */ = {isa = PBXFileReference; fileEncoding = 4; lastKnownFileType = sourcecode.c.h; path = net.h; sourceTree = "<group>"; };
		CC17EF6C23FD2416007ED72F /* mat.h */ = {isa = PBXFileReference; fileEncoding = 4; lastKnownFileType = sourcecode.c.h; path = mat.h; sourceTree = "<group>"; };
		CC17EF6D23FD2416007ED72F /* blob.h */ = {isa = PBXFileReference; fileEncoding = 4; lastKnownFileType = sourcecode.c.h; path = blob.h; sourceTree = "<group>"; };
		CC17EF6E23FD2416007ED72F /* layer.h */ = {isa = PBXFileReference; fileEncoding = 4; lastKnownFileType = sourcecode.c.h; path = layer.h; sourceTree = "<group>"; };
		CC17EF6F23FD2416007ED72F /* paramdict.h */ = {isa = PBXFileReference; fileEncoding = 4; lastKnownFileType = sourcecode.c.h; path = paramdict.h; sourceTree = "<group>"; };
		CC17EF7023FD2416007ED72F /* option.h */ = {isa = PBXFileReference; fileEncoding = 4; lastKnownFileType = sourcecode.c.h; path = option.h; sourceTree = "<group>"; };
		CC17EF7123FD2416007ED72F /* gpu.h */ = {isa = PBXFileReference; fileEncoding = 4; lastKnownFileType = sourcecode.c.h; path = gpu.h; sourceTree = "<group>"; };
		CC17EF7223FD2416007ED72F /* opencv.h */ = {isa = PBXFileReference; fileEncoding = 4; lastKnownFileType = sourcecode.c.h; path = opencv.h; sourceTree = "<group>"; };
		CC17EF7323FD2416007ED72F /* allocator.h */ = {isa = PBXFileReference; fileEncoding = 4; lastKnownFileType = sourcecode.c.h; path = allocator.h; sourceTree = "<group>"; };
		CC17EF7423FD2416007ED72F /* cpu.h */ = {isa = PBXFileReference; fileEncoding = 4; lastKnownFileType = sourcecode.c.h; path = cpu.h; sourceTree = "<group>"; };
		CC17EF7523FD2416007ED72F /* layer_type_enum.h */ = {isa = PBXFileReference; fileEncoding = 4; lastKnownFileType = sourcecode.c.h; path = layer_type_enum.h; sourceTree = "<group>"; };
		CC17EF7623FD2416007ED72F /* layer_type.h */ = {isa = PBXFileReference; fileEncoding = 4; lastKnownFileType = sourcecode.c.h; path = layer_type.h; sourceTree = "<group>"; };
		CC17EF7723FD2416007ED72F /* pipeline.h */ = {isa = PBXFileReference; fileEncoding = 4; lastKnownFileType = sourcecode.c.h; path = pipeline.h; sourceTree = "<group>"; };
		CC17EF7823FD2416007ED72F /* command.h */ = {isa = PBXFileReference; fileEncoding = 4; lastKnownFileType = sourcecode.c.h; path = command.h; sourceTree = "<group>"; };
		CC17EF7923FD2416007ED72F /* benchmark.h */ = {isa = PBXFileReference; fileEncoding = 4; lastKnownFileType = sourcecode.c.h; path = benchmark.h; sourceTree = "<group>"; };
		CC17EF7A23FD2416007ED72F /* platform.h */ = {isa = PBXFileReference; fileEncoding = 4; lastKnownFileType = sourcecode.c.h; path = platform.h; sourceTree = "<group>"; };
		CC17EF7B23FD2416007ED72F /* datareader.h */ = {isa = PBXFileReference; fileEncoding = 4; lastKnownFileType = sourcecode.c.h; path = datareader.h; sourceTree = "<group>"; };
		CC17EF7F23FD241E007ED72F /* ncnnConfig.cmake */ = {isa = PBXFileReference; fileEncoding = 4; lastKnownFileType = text; path = ncnnConfig.cmake; sourceTree = "<group>"; };
		CC17EF8023FD241E007ED72F /* ncnn.cmake */ = {isa = PBXFileReference; fileEncoding = 4; lastKnownFileType = text; path = ncnn.cmake; sourceTree = "<group>"; };
		CC17EF8123FD241E007ED72F /* ncnn-release.cmake */ = {isa = PBXFileReference; fileEncoding = 4; lastKnownFileType = text; path = "ncnn-release.cmake"; sourceTree = "<group>"; };
		CC17EF8223FD241E007ED72F /* libncnn.a */ = {isa = PBXFileReference; lastKnownFileType = archive.ar; path = libncnn.a; sourceTree = "<group>"; };
		CC51043823FC427600AE802F /* waifu2x_preproc.comp */ = {isa = PBXFileReference; fileEncoding = 4; lastKnownFileType = text; path = waifu2x_preproc.comp; sourceTree = "<group>"; };
		CC51043923FC427600AE802F /* stb_image_write.h */ = {isa = PBXFileReference; fileEncoding = 4; lastKnownFileType = sourcecode.c.h; path = stb_image_write.h; sourceTree = "<group>"; };
		CC51043B23FC427600AE802F /* stb_image.h */ = {isa = PBXFileReference; fileEncoding = 4; lastKnownFileType = sourcecode.c.h; path = stb_image.h; sourceTree = "<group>"; };
		CC51043D23FC427600AE802F /* filesystem_utils.h */ = {isa = PBXFileReference; fileEncoding = 4; lastKnownFileType = sourcecode.c.h; path = filesystem_utils.h; sourceTree = "<group>"; };
		CC51043E23FC427600AE802F /* waifu2x_postproc.comp */ = {isa = PBXFileReference; fileEncoding = 4; lastKnownFileType = text; path = waifu2x_postproc.comp; sourceTree = "<group>"; };
		CC51043F23FC427600AE802F /* waifu2x.h */ = {isa = PBXFileReference; fileEncoding = 4; lastKnownFileType = sourcecode.c.h; path = waifu2x.h; sourceTree = "<group>"; };
		CC51044023FC427600AE802F /* waifu2x.cpp */ = {isa = PBXFileReference; fileEncoding = 4; lastKnownFileType = sourcecode.cpp.cpp; path = waifu2x.cpp; sourceTree = "<group>"; };
		CC51049923FC439C00AE802F /* models */ = {isa = PBXFileReference; lastKnownFileType = folder; path = models; sourceTree = "<group>"; };
		CCA6DCA623FD0B4D0097C7B1 /* libomp.a */ = {isa = PBXFileReference; lastKnownFileType = archive.ar; name = libomp.a; path = /usr/local/Cellar/libomp/9.0.0/lib/libomp.a; sourceTree = "<group>"; };
/* End PBXFileReference section */

/* Begin PBXFrameworksBuildPhase section */
		400697EA2270C19400B79110 /* Frameworks */ = {
			isa = PBXFrameworksBuildPhase;
			buildActionMask = 2147483647;
			files = (
				CCA6DCA723FD0B4D0097C7B1 /* libomp.a in Frameworks */,
				4006992F2270CA5300B79110 /* vulkan.framework in Frameworks */,
				CC17EF8623FD241E007ED72F /* libncnn.a in Frameworks */,
			);
			runOnlyForDeploymentPostprocessing = 0;
		};
/* End PBXFrameworksBuildPhase section */

/* Begin PBXGroup section */
		400697E42270C19400B79110 = {
			isa = PBXGroup;
			children = (
				400697EF2270C19400B79110 /* waifu2x */,
				400697EE2270C19400B79110 /* Products */,
				40F468A32271EAAA001098D8 /* Frameworks */,
			);
			sourceTree = "<group>";
		};
		400697EE2270C19400B79110 /* Products */ = {
			isa = PBXGroup;
			children = (
				400697ED2270C19400B79110 /* waifu2x-gui.app */,
			);
			name = Products;
			sourceTree = "<group>";
		};
		400697EF2270C19400B79110 /* waifu2x */ = {
			isa = PBXGroup;
			children = (
				400699792270D21A00B79110 /* waifu2xmac.h */,
				4006997A2270D21A00B79110 /* waifu2xmac.mm */,
				40F888242270F66E00261851 /* DragDropImageView.h */,
				40F888252270F66E00261851 /* DragDropImageView.m */,
				400697F02270C19400B79110 /* AppDelegate.h */,
				400697F12270C19400B79110 /* AppDelegate.m */,
				400697F32270C19400B79110 /* ViewController.h */,
				400697F42270C19400B79110 /* ViewController.m */,
				400697F62270C19600B79110 /* Assets.xcassets */,
				400697F82270C19600B79110 /* Main.storyboard */,
				400697FB2270C19600B79110 /* Info.plist */,
				400697FC2270C19600B79110 /* main.m */,
				400697FE2270C19600B79110 /* waifu2x.entitlements */,
				400699312270CB1D00B79110 /* waifu2x-ncnn-vulkan */,
				4006980A2270C39500B79110 /* ncnn */,
				400698082270C28B00B79110 /* VulkanSDK */,
			);
			path = waifu2x;
			sourceTree = "<group>";
		};
		400698082270C28B00B79110 /* VulkanSDK */ = {
			isa = PBXGroup;
			children = (
				40F8881D2270D63600261851 /* libMoltenVK.dylib */,
				402AD32C22711C9700F0A985 /* MoltenVK_icd.json */,
				4006992E2270CA5300B79110 /* vulkan.framework */,
			);
			path = VulkanSDK;
			sourceTree = "<group>";
		};
		4006980A2270C39500B79110 /* ncnn */ = {
			isa = PBXGroup;
			children = (
				CC17EF7C23FD241E007ED72F /* lib */,
				CC17EF6823FD2416007ED72F /* include */,
			);
			path = ncnn;
			sourceTree = "<group>";
		};
		400699312270CB1D00B79110 /* waifu2x-ncnn-vulkan */ = {
			isa = PBXGroup;
			children = (
				CC51049923FC439C00AE802F /* models */,
				CC51043623FC427600AE802F /* src */,
			);
			path = "waifu2x-ncnn-vulkan";
			sourceTree = "<group>";
		};
		40F468A32271EAAA001098D8 /* Frameworks */ = {
			isa = PBXGroup;
			children = (
				CCA6DCA623FD0B4D0097C7B1 /* libomp.a */,
			);
			name = Frameworks;
			sourceTree = "<group>";
		};
		CC17EF6823FD2416007ED72F /* include */ = {
			isa = PBXGroup;
			children = (
				CC17EF6923FD2416007ED72F /* ncnn */,
			);
			path = include;
			sourceTree = "<group>";
		};
		CC17EF6923FD2416007ED72F /* ncnn */ = {
			isa = PBXGroup;
			children = (
				CC17EF6A23FD2416007ED72F /* modelbin.h */,
				CC17EF6B23FD2416007ED72F /* net.h */,
				CC17EF6C23FD2416007ED72F /* mat.h */,
				CC17EF6D23FD2416007ED72F /* blob.h */,
				CC17EF6E23FD2416007ED72F /* layer.h */,
				CC17EF6F23FD2416007ED72F /* paramdict.h */,
				CC17EF7023FD2416007ED72F /* option.h */,
				CC17EF7123FD2416007ED72F /* gpu.h */,
				CC17EF7223FD2416007ED72F /* opencv.h */,
				CC17EF7323FD2416007ED72F /* allocator.h */,
				CC17EF7423FD2416007ED72F /* cpu.h */,
				CC17EF7523FD2416007ED72F /* layer_type_enum.h */,
				CC17EF7623FD2416007ED72F /* layer_type.h */,
				CC17EF7723FD2416007ED72F /* pipeline.h */,
				CC17EF7823FD2416007ED72F /* command.h */,
				CC17EF7923FD2416007ED72F /* benchmark.h */,
				CC17EF7A23FD2416007ED72F /* platform.h */,
				CC17EF7B23FD2416007ED72F /* datareader.h */,
			);
			path = ncnn;
			sourceTree = "<group>";
		};
		CC17EF7C23FD241E007ED72F /* lib */ = {
			isa = PBXGroup;
			children = (
				CC17EF7D23FD241E007ED72F /* cmake */,
				CC17EF8223FD241E007ED72F /* libncnn.a */,
			);
			path = lib;
			sourceTree = "<group>";
		};
		CC17EF7D23FD241E007ED72F /* cmake */ = {
			isa = PBXGroup;
			children = (
				CC17EF7E23FD241E007ED72F /* ncnn */,
			);
			path = cmake;
			sourceTree = "<group>";
		};
		CC17EF7E23FD241E007ED72F /* ncnn */ = {
			isa = PBXGroup;
			children = (
				CC17EF7F23FD241E007ED72F /* ncnnConfig.cmake */,
				CC17EF8023FD241E007ED72F /* ncnn.cmake */,
				CC17EF8123FD241E007ED72F /* ncnn-release.cmake */,
			);
			path = ncnn;
			sourceTree = "<group>";
		};
		CC51043623FC427600AE802F /* src */ = {
			isa = PBXGroup;
			children = (
				CC51043823FC427600AE802F /* waifu2x_preproc.comp */,
				CC51043923FC427600AE802F /* stb_image_write.h */,
				CC51043B23FC427600AE802F /* stb_image.h */,
				CC51043D23FC427600AE802F /* filesystem_utils.h */,
				CC51043E23FC427600AE802F /* waifu2x_postproc.comp */,
				CC51043F23FC427600AE802F /* waifu2x.h */,
				CC51044023FC427600AE802F /* waifu2x.cpp */,
			);
			path = src;
			sourceTree = "<group>";
		};
/* End PBXGroup section */

/* Begin PBXNativeTarget section */
		400697EC2270C19400B79110 /* waifu2x-gui */ = {
			isa = PBXNativeTarget;
			buildConfigurationList = 400698012270C19600B79110 /* Build configuration list for PBXNativeTarget "waifu2x-gui" */;
			buildPhases = (
				400697E92270C19400B79110 /* Sources */,
				400697EA2270C19400B79110 /* Frameworks */,
				400697EB2270C19400B79110 /* Resources */,
				400698062270C22A00B79110 /* CopyFiles */,
			);
			buildRules = (
			);
			dependencies = (
			);
			name = "waifu2x-gui";
			productName = waifu2x;
			productReference = 400697ED2270C19400B79110 /* waifu2x-gui.app */;
			productType = "com.apple.product-type.application";
		};
/* End PBXNativeTarget section */

/* Begin PBXProject section */
		400697E52270C19400B79110 /* Project object */ = {
			isa = PBXProject;
			attributes = {
				LastUpgradeCheck = 1020;
				ORGANIZATIONNAME = "Cocoa Oikawa";
				TargetAttributes = {
					400697EC2270C19400B79110 = {
						CreatedOnToolsVersion = 10.1;
						SystemCapabilities = {
							com.apple.Sandbox = {
								enabled = 0;
							};
						};
					};
				};
			};
			buildConfigurationList = 400697E82270C19400B79110 /* Build configuration list for PBXProject "waifu2x" */;
			compatibilityVersion = "Xcode 9.3";
			developmentRegion = en;
			hasScannedForEncodings = 0;
			knownRegions = (
				en,
				Base,
			);
			mainGroup = 400697E42270C19400B79110;
			productRefGroup = 400697EE2270C19400B79110 /* Products */;
			projectDirPath = "";
			projectRoot = "";
			targets = (
				400697EC2270C19400B79110 /* waifu2x-gui */,
			);
		};
/* End PBXProject section */

/* Begin PBXResourcesBuildPhase section */
		400697EB2270C19400B79110 /* Resources */ = {
			isa = PBXResourcesBuildPhase;
			buildActionMask = 2147483647;
			files = (
				402AD32D22711C9800F0A985 /* MoltenVK_icd.json in Resources */,
				CC17EF8523FD241E007ED72F /* ncnn-release.cmake in Resources */,
				400697F72270C19600B79110 /* Assets.xcassets in Resources */,
				CC51049A23FC439C00AE802F /* models in Resources */,
				400697FA2270C19600B79110 /* Main.storyboard in Resources */,
			);
			runOnlyForDeploymentPostprocessing = 0;
		};
/* End PBXResourcesBuildPhase section */

/* Begin PBXSourcesBuildPhase section */
		400697E92270C19400B79110 /* Sources */ = {
			isa = PBXSourcesBuildPhase;
			buildActionMask = 2147483647;
			files = (
				400697F52270C19400B79110 /* ViewController.m in Sources */,
				CC51044523FC427600AE802F /* waifu2x.cpp in Sources */,
				4006997B2270D21A00B79110 /* waifu2xmac.mm in Sources */,
				400697FD2270C19600B79110 /* main.m in Sources */,
				400697F22270C19400B79110 /* AppDelegate.m in Sources */,
				40F888262270F66E00261851 /* DragDropImageView.m in Sources */,
			);
			runOnlyForDeploymentPostprocessing = 0;
		};
/* End PBXSourcesBuildPhase section */

/* Begin PBXVariantGroup section */
		400697F82270C19600B79110 /* Main.storyboard */ = {
			isa = PBXVariantGroup;
			children = (
				400697F92270C19600B79110 /* Base */,
			);
			name = Main.storyboard;
			sourceTree = "<group>";
		};
/* End PBXVariantGroup section */

/* Begin XCBuildConfiguration section */
		400697FF2270C19600B79110 /* Debug */ = {
			isa = XCBuildConfiguration;
			buildSettings = {
				ALWAYS_SEARCH_USER_PATHS = NO;
				CLANG_ANALYZER_NONNULL = YES;
				CLANG_ANALYZER_NUMBER_OBJECT_CONVERSION = YES_AGGRESSIVE;
				CLANG_CXX_LANGUAGE_STANDARD = "gnu++14";
				CLANG_CXX_LIBRARY = "libc++";
				CLANG_ENABLE_MODULES = YES;
				CLANG_ENABLE_OBJC_ARC = YES;
				CLANG_ENABLE_OBJC_WEAK = YES;
				CLANG_WARN_BLOCK_CAPTURE_AUTORELEASING = YES;
				CLANG_WARN_BOOL_CONVERSION = YES;
				CLANG_WARN_COMMA = YES;
				CLANG_WARN_CONSTANT_CONVERSION = YES;
				CLANG_WARN_DEPRECATED_OBJC_IMPLEMENTATIONS = YES;
				CLANG_WARN_DIRECT_OBJC_ISA_USAGE = YES_ERROR;
				CLANG_WARN_DOCUMENTATION_COMMENTS = YES;
				CLANG_WARN_EMPTY_BODY = YES;
				CLANG_WARN_ENUM_CONVERSION = YES;
				CLANG_WARN_INFINITE_RECURSION = YES;
				CLANG_WARN_INT_CONVERSION = YES;
				CLANG_WARN_NON_LITERAL_NULL_CONVERSION = YES;
				CLANG_WARN_OBJC_IMPLICIT_RETAIN_SELF = YES;
				CLANG_WARN_OBJC_LITERAL_CONVERSION = YES;
				CLANG_WARN_OBJC_ROOT_CLASS = YES_ERROR;
				CLANG_WARN_RANGE_LOOP_ANALYSIS = YES;
				CLANG_WARN_STRICT_PROTOTYPES = YES;
				CLANG_WARN_SUSPICIOUS_MOVE = YES;
				CLANG_WARN_UNGUARDED_AVAILABILITY = YES_AGGRESSIVE;
				CLANG_WARN_UNREACHABLE_CODE = YES;
				CLANG_WARN__DUPLICATE_METHOD_MATCH = YES;
				CODE_SIGN_IDENTITY = "Mac Developer";
				COPY_PHASE_STRIP = NO;
				DEBUG_INFORMATION_FORMAT = dwarf;
				ENABLE_STRICT_OBJC_MSGSEND = YES;
				ENABLE_TESTABILITY = YES;
				GCC_C_LANGUAGE_STANDARD = gnu11;
				GCC_DYNAMIC_NO_PIC = NO;
				GCC_NO_COMMON_BLOCKS = YES;
				GCC_OPTIMIZATION_LEVEL = 0;
				GCC_PREPROCESSOR_DEFINITIONS = (
					"DEBUG=1",
					"$(inherited)",
				);
				GCC_WARN_64_TO_32_BIT_CONVERSION = YES;
				GCC_WARN_ABOUT_RETURN_TYPE = YES_ERROR;
				GCC_WARN_UNDECLARED_SELECTOR = YES;
				GCC_WARN_UNINITIALIZED_AUTOS = YES_AGGRESSIVE;
				GCC_WARN_UNUSED_FUNCTION = YES;
				GCC_WARN_UNUSED_VARIABLE = YES;
				MACOSX_DEPLOYMENT_TARGET = 10.14;
				MTL_ENABLE_DEBUG_INFO = INCLUDE_SOURCE;
				MTL_FAST_MATH = YES;
				ONLY_ACTIVE_ARCH = YES;
				SDKROOT = macosx;
			};
			name = Debug;
		};
		400698002270C19600B79110 /* Release */ = {
			isa = XCBuildConfiguration;
			buildSettings = {
				ALWAYS_SEARCH_USER_PATHS = NO;
				CLANG_ANALYZER_NONNULL = YES;
				CLANG_ANALYZER_NUMBER_OBJECT_CONVERSION = YES_AGGRESSIVE;
				CLANG_CXX_LANGUAGE_STANDARD = "gnu++14";
				CLANG_CXX_LIBRARY = "libc++";
				CLANG_ENABLE_MODULES = YES;
				CLANG_ENABLE_OBJC_ARC = YES;
				CLANG_ENABLE_OBJC_WEAK = YES;
				CLANG_WARN_BLOCK_CAPTURE_AUTORELEASING = YES;
				CLANG_WARN_BOOL_CONVERSION = YES;
				CLANG_WARN_COMMA = YES;
				CLANG_WARN_CONSTANT_CONVERSION = YES;
				CLANG_WARN_DEPRECATED_OBJC_IMPLEMENTATIONS = YES;
				CLANG_WARN_DIRECT_OBJC_ISA_USAGE = YES_ERROR;
				CLANG_WARN_DOCUMENTATION_COMMENTS = YES;
				CLANG_WARN_EMPTY_BODY = YES;
				CLANG_WARN_ENUM_CONVERSION = YES;
				CLANG_WARN_INFINITE_RECURSION = YES;
				CLANG_WARN_INT_CONVERSION = YES;
				CLANG_WARN_NON_LITERAL_NULL_CONVERSION = YES;
				CLANG_WARN_OBJC_IMPLICIT_RETAIN_SELF = YES;
				CLANG_WARN_OBJC_LITERAL_CONVERSION = YES;
				CLANG_WARN_OBJC_ROOT_CLASS = YES_ERROR;
				CLANG_WARN_RANGE_LOOP_ANALYSIS = YES;
				CLANG_WARN_STRICT_PROTOTYPES = YES;
				CLANG_WARN_SUSPICIOUS_MOVE = YES;
				CLANG_WARN_UNGUARDED_AVAILABILITY = YES_AGGRESSIVE;
				CLANG_WARN_UNREACHABLE_CODE = YES;
				CLANG_WARN__DUPLICATE_METHOD_MATCH = YES;
				CODE_SIGN_IDENTITY = "Mac Developer";
				COPY_PHASE_STRIP = NO;
				DEBUG_INFORMATION_FORMAT = "dwarf-with-dsym";
				ENABLE_NS_ASSERTIONS = NO;
				ENABLE_STRICT_OBJC_MSGSEND = YES;
				GCC_C_LANGUAGE_STANDARD = gnu11;
				GCC_NO_COMMON_BLOCKS = YES;
				GCC_WARN_64_TO_32_BIT_CONVERSION = YES;
				GCC_WARN_ABOUT_RETURN_TYPE = YES_ERROR;
				GCC_WARN_UNDECLARED_SELECTOR = YES;
				GCC_WARN_UNINITIALIZED_AUTOS = YES_AGGRESSIVE;
				GCC_WARN_UNUSED_FUNCTION = YES;
				GCC_WARN_UNUSED_VARIABLE = YES;
				MACOSX_DEPLOYMENT_TARGET = 10.14;
				MTL_ENABLE_DEBUG_INFO = NO;
				MTL_FAST_MATH = YES;
				SDKROOT = macosx;
			};
			name = Release;
		};
		400698022270C19600B79110 /* Debug */ = {
			isa = XCBuildConfiguration;
			buildSettings = {
				ASSETCATALOG_COMPILER_APPICON_NAME = AppIcon;
				CODE_SIGN_STYLE = Automatic;
				COMBINE_HIDPI_IMAGES = YES;
				DEVELOPMENT_TEAM = FT787279D2;
				FRAMEWORK_SEARCH_PATHS = (
					"$(inherited)",
					"$(PROJECT_DIR)/waifu2x",
					"$(PROJECT_DIR)/waifu2x/VulkanSDK/macOS/Frameworks",
					"$(PROJECT_DIR)/waifu2x/VulkanSDK/MoltenVK/macOS/framework",
				);
				GCC_VERSION = "";
				HEADER_SEARCH_PATHS = (
					/usr/local/Cellar/libomp/9.0.0/include,
					"$(SRCROOT)/waifu2x/VulkanSDK/macOS/include",
					"$(SRCROOT)/waifu2x/ncnn/src/**",
				);
				INFOPLIST_FILE = waifu2x/Info.plist;
				LD_RUNPATH_SEARCH_PATHS = (
					"$(inherited)",
					"@executable_path/../Frameworks",
				);
				LIBRARY_SEARCH_PATHS = (
					"$(SRCROOT)/waifu2x/VulkanSDK/macOS/lib",
					/usr/local/Cellar/libomp/9.0.0/lib,
					"$(PROJECT_DIR)/waifu2x/VulkanSDK/MoltenVK/macOS/dynamic",
					"$(PROJECT_DIR)/waifu2x/ncnn/lib",
				);
				MACOSX_DEPLOYMENT_TARGET = 10.10;
				MARKETING_VERSION = 1.1;
				OTHER_CFLAGS = (
					"-fopenmp",
					"-D_OPENMP",
				);
				PRODUCT_BUNDLE_IDENTIFIER = "moe.cocoaneko.waifu2x-gui";
				PRODUCT_NAME = "$(TARGET_NAME)";
			};
			name = Debug;
		};
		400698032270C19600B79110 /* Release */ = {
			isa = XCBuildConfiguration;
			buildSettings = {
				ASSETCATALOG_COMPILER_APPICON_NAME = AppIcon;
				CODE_SIGN_STYLE = Automatic;
				COMBINE_HIDPI_IMAGES = YES;
				DEVELOPMENT_TEAM = FT787279D2;
				FRAMEWORK_SEARCH_PATHS = (
					"$(inherited)",
					"$(PROJECT_DIR)/waifu2x",
					"$(PROJECT_DIR)/waifu2x/VulkanSDK/macOS/Frameworks",
					"$(PROJECT_DIR)/waifu2x/VulkanSDK/MoltenVK/macOS/framework",
				);
				GCC_VERSION = "";
				HEADER_SEARCH_PATHS = (
					/usr/local/Cellar/libomp/9.0.0/include,
					"$(SRCROOT)/waifu2x/VulkanSDK/macOS/include",
					"$(SRCROOT)/waifu2x/ncnn/src/**",
				);
				INFOPLIST_FILE = waifu2x/Info.plist;
				LD_RUNPATH_SEARCH_PATHS = (
					"$(inherited)",
					"@executable_path/../Frameworks",
				);
				LIBRARY_SEARCH_PATHS = (
					"$(SRCROOT)/waifu2x/VulkanSDK/macOS/lib",
					/usr/local/Cellar/libomp/9.0.0/lib,
					"$(PROJECT_DIR)/waifu2x/VulkanSDK/MoltenVK/macOS/dynamic",
					"$(PROJECT_DIR)/waifu2x/ncnn/lib",
				);
				MACOSX_DEPLOYMENT_TARGET = 10.10;
				MARKETING_VERSION = 1.1;
				OTHER_CFLAGS = (
					"-fopenmp",
					"-D_OPENMP",
				);
				PRODUCT_BUNDLE_IDENTIFIER = "moe.cocoaneko.waifu2x-gui";
				PRODUCT_NAME = "$(TARGET_NAME)";
			};
			name = Release;
		};
/* End XCBuildConfiguration section */

/* Begin XCConfigurationList section */
		400697E82270C19400B79110 /* Build configuration list for PBXProject "waifu2x" */ = {
			isa = XCConfigurationList;
			buildConfigurations = (
				400697FF2270C19600B79110 /* Debug */,
				400698002270C19600B79110 /* Release */,
			);
			defaultConfigurationIsVisible = 0;
			defaultConfigurationName = Release;
		};
		400698012270C19600B79110 /* Build configuration list for PBXNativeTarget "waifu2x-gui" */ = {
			isa = XCConfigurationList;
			buildConfigurations = (
				400698022270C19600B79110 /* Debug */,
				400698032270C19600B79110 /* Release */,
			);
			defaultConfigurationIsVisible = 0;
			defaultConfigurationName = Release;
		};
/* End XCConfigurationList section */
	};
	rootObject = 400697E52270C19400B79110 /* Project object */;
}
